
Microsoft Visual Studio Solution File, Format Version 12.00
# Visual Studio Version 17
VisualStudioVersion = 17.8.34525.116
MinimumVisualStudioVersion = 10.0.40219.1
Project("{FAE04EC0-301F-11D3-BF4B-00C04F79EFBC}") = "Core", "Core.csproj", "{7930DB9C-C29D-438E-86C7-C04C5D7E437B}"
EndProject
Global
	GlobalSection(SolutionConfigurationPlatforms) = preSolution
		Debug|Any CPU = Debug|Any CPU
		Release|Any CPU = Release|Any CPU
	EndGlobalSection
	GlobalSection(ProjectConfigurationPlatforms) = postSolution
		{7930DB9C-C29D-438E-86C7-C04C5D7E437B}.Debug|Any CPU.ActiveCfg = Debug|Any CPU
		{7930DB9C-C29D-438E-86C7-C04C5D7E437B}.Debug|Any CPU.Build.0 = Debug|Any CPU
		{7930DB9C-C29D-438E-86C7-C04C5D7E437B}.Release|Any CPU.ActiveCfg = Release|Any CPU
		{7930DB9C-C29D-438E-86C7-C04C5D7E437B}.Release|Any CPU.Build.0 = Release|Any CPU
	EndGlobalSection
	GlobalSection(SolutionProperties) = preSolution
		HideSolutionNode = FALSE
	EndGlobalSection
	GlobalSection(ExtensibilityGlobals) = postSolution
		SolutionGuid = {B127053A-0440-4EBF-90F4-4A9D9F3FA986}
	EndGlobalSection
EndGlobal
